
Microsoft Visual Studio Solution File, Format Version 12.00
# Visual Studio Version 17
VisualStudioVersion = 17.14.36414.22
MinimumVisualStudioVersion = 10.0.40219.1
Project("{FAE04EC0-301F-11D3-BF4B-00C04F79EFBC}") = "ApiGateway", "ApiGateway\ApiGateway.csproj", "{2BCADBCA-96B0-46D7-9FE8-C5CB9229BDF2}"
	ProjectSection(ProjectDependencies) = postProject
		{B766ED5A-A6C9-409A-E626-42DDEE828A0C} = {B766ED5A-A6C9-409A-E626-42DDEE828A0C}
	EndProjectSection
EndProject
Project("{FAE04EC0-301F-11D3-BF4B-00C04F79EFBC}") = "WebApplication1", "..\WebApplication1\WebApplication1\WebApplication1.csproj", "{B766ED5A-A6C9-409A-E626-42DDEE828A0C}"
EndProject
Global
	GlobalSection(SolutionConfigurationPlatforms) = preSolution
		Debug|Any CPU = Debug|Any CPU
		Release|Any CPU = Release|Any CPU
	EndGlobalSection
	GlobalSection(ProjectConfigurationPlatforms) = postSolution
		{2BCADBCA-96B0-46D7-9FE8-C5CB9229BDF2}.Debug|Any CPU.ActiveCfg = Debug|Any CPU
		{2BCADBCA-96B0-46D7-9FE8-C5CB9229BDF2}.Debug|Any CPU.Build.0 = Debug|Any CPU
		{2BCADBCA-96B0-46D7-9FE8-C5CB9229BDF2}.Release|Any CPU.ActiveCfg = Release|Any CPU
		{2BCADBCA-96B0-46D7-9FE8-C5CB9229BDF2}.Release|Any CPU.Build.0 = Release|Any CPU
		{B766ED5A-A6C9-409A-E626-42DDEE828A0C}.Debug|Any CPU.ActiveCfg = Debug|Any CPU
		{B766ED5A-A6C9-409A-E626-42DDEE828A0C}.Debug|Any CPU.Build.0 = Debug|Any CPU
		{B766ED5A-A6C9-409A-E626-42DDEE828A0C}.Release|Any CPU.ActiveCfg = Release|Any CPU
		{B766ED5A-A6C9-409A-E626-42DDEE828A0C}.Release|Any CPU.Build.0 = Release|Any CPU
	EndGlobalSection
	GlobalSection(SolutionProperties) = preSolution
		HideSolutionNode = FALSE
	EndGlobalSection
	GlobalSection(ExtensibilityGlobals) = postSolution
		SolutionGuid = {BB274709-7555-4E92-AFC1-3EA5DF936013}
	EndGlobalSection
EndGlobal
